
Microsoft Visual Studio Solution File, Format Version 12.00
# Visual Studio 15
VisualStudioVersion = 15.0.27703.2042
MinimumVisualStudioVersion = 10.0.40219.1
Project("{FAE04EC0-301F-11D3-BF4B-00C04F79EFBC}") = "SnackBar", "SnackBar\SnackBar.csproj", "{29BE7953-F4D4-466B-88CC-4F9071BBE421}"
EndProject
Global
	GlobalSection(SolutionConfigurationPlatforms) = preSolution
		Debug|Any CPU = Debug|Any CPU
		Release|Any CPU = Release|Any CPU
	EndGlobalSection
	GlobalSection(ProjectConfigurationPlatforms) = postSolution
		{29BE7953-F4D4-466B-88CC-4F9071BBE421}.Debug|Any CPU.ActiveCfg = Debug|Any CPU
		{29BE7953-F4D4-466B-88CC-4F9071BBE421}.Debug|Any CPU.Build.0 = Debug|Any CPU
		{29BE7953-F4D4-466B-88CC-4F9071BBE421}.Debug|Any CPU.Deploy.0 = Debug|Any CPU
		{29BE7953-F4D4-466B-88CC-4F9071BBE421}.Release|Any CPU.ActiveCfg = Release|Any CPU
		{29BE7953-F4D4-466B-88CC-4F9071BBE421}.Release|Any CPU.Build.0 = Release|Any CPU
		{29BE7953-F4D4-466B-88CC-4F9071BBE421}.Release|Any CPU.Deploy.0 = Release|Any CPU
	EndGlobalSection
	GlobalSection(SolutionProperties) = preSolution
		HideSolutionNode = FALSE
	EndGlobalSection
	GlobalSection(ExtensibilityGlobals) = postSolution
		SolutionGuid = {5DA2D3E2-08CE-4DDF-9EA7-162A78955AEB}
	EndGlobalSection
EndGlobal
